
Microsoft Visual Studio Solution File, Format Version 12.00
# Visual Studio 15
VisualStudioVersion = 15.0.28307.1831
MinimumVisualStudioVersion = 10.0.40219.1
Project("{FAE04EC0-301F-11D3-BF4B-00C04F79EFBC}") = "JuegoDePares", "JuegoDePares\JuegoDePares.csproj", "{BC023A73-F5E7-4FAC-9FB7-44C66229676D}"
EndProject
Global
	GlobalSection(SolutionConfigurationPlatforms) = preSolution
		Debug|Any CPU = Debug|Any CPU
		Release|Any CPU = Release|Any CPU
	EndGlobalSection
	GlobalSection(ProjectConfigurationPlatforms) = postSolution
		{BC023A73-F5E7-4FAC-9FB7-44C66229676D}.Debug|Any CPU.ActiveCfg = Debug|Any CPU
		{BC023A73-F5E7-4FAC-9FB7-44C66229676D}.Debug|Any CPU.Build.0 = Debug|Any CPU
		{BC023A73-F5E7-4FAC-9FB7-44C66229676D}.Release|Any CPU.ActiveCfg = Release|Any CPU
		{BC023A73-F5E7-4FAC-9FB7-44C66229676D}.Release|Any CPU.Build.0 = Release|Any CPU
	EndGlobalSection
	GlobalSection(SolutionProperties) = preSolution
		HideSolutionNode = FALSE
	EndGlobalSection
	GlobalSection(ExtensibilityGlobals) = postSolution
		SolutionGuid = {0E8A6865-1057-4EEB-B67A-7F3E620013EA}
	EndGlobalSection
EndGlobal
